// !$*UTF8*$!
{
	archiveVersion = 1;
	classes = {
	};
	objectVersion = 46;
	objects = {

/* Begin PBXBuildFile section */
		2C238EA11CFADE2100D3B6E1 /* NumericExtensions.swift in Sources */ = {isa = PBXBuildFile; fileRef = 2C238EA01CFADE2100D3B6E1 /* NumericExtensions.swift */; };
		2C9DB3991CF9FAB500A98294 /* AppDelegate.swift in Sources */ = {isa = PBXBuildFile; fileRef = 2C9DB3981CF9FAB500A98294 /* AppDelegate.swift */; };
		2C9DB39E1CF9FAB500A98294 /* Main.storyboard in Resources */ = {isa = PBXBuildFile; fileRef = 2C9DB39C1CF9FAB500A98294 /* Main.storyboard */; };
		2C9DB3A01CF9FAB500A98294 /* Assets.xcassets in Resources */ = {isa = PBXBuildFile; fileRef = 2C9DB39F1CF9FAB500A98294 /* Assets.xcassets */; };
		2C9DB3A31CF9FAB500A98294 /* LaunchScreen.storyboard in Resources */ = {isa = PBXBuildFile; fileRef = 2C9DB3A11CF9FAB500A98294 /* LaunchScreen.storyboard */; };
		2C9DB3AC1CF9FB4B00A98294 /* CarparkTableViewController.swift in Sources */ = {isa = PBXBuildFile; fileRef = 2C9DB3AB1CF9FB4B00A98294 /* CarparkTableViewController.swift */; };
		2C9DB3AE1CFA035300A98294 /* CarparkTableViewCell.swift in Sources */ = {isa = PBXBuildFile; fileRef = 2C9DB3AD1CFA035300A98294 /* CarparkTableViewCell.swift */; };
		2C9DB3B01CFA060E00A98294 /* Carpark.swift in Sources */ = {isa = PBXBuildFile; fileRef = 2C9DB3AF1CFA060E00A98294 /* Carpark.swift */; };
		2C9DB3B41CFA0FA500A98294 /* CarparkViewController.swift in Sources */ = {isa = PBXBuildFile; fileRef = 2C9DB3B31CFA0FA500A98294 /* CarparkViewController.swift */; };
		2C9DB3B61CFA1A7F00A98294 /* MapKit.framework in Frameworks */ = {isa = PBXBuildFile; fileRef = 2C9DB3B51CFA1A7F00A98294 /* MapKit.framework */; };
		2CD7FC561CFC55FA00880FD1 /* MapViewController.swift in Sources */ = {isa = PBXBuildFile; fileRef = 2CD7FC551CFC55FA00880FD1 /* MapViewController.swift */; };
		2CE849B31CFC7F5F00114248 /* CarparkTabBarViewController.swift in Sources */ = {isa = PBXBuildFile; fileRef = 2CE849B21CFC7F5F00114248 /* CarparkTabBarViewController.swift */; };
/* End PBXBuildFile section */

/* Begin PBXFileReference section */
		2C238EA01CFADE2100D3B6E1 /* NumericExtensions.swift */ = {isa = PBXFileReference; fileEncoding = 4; lastKnownFileType = sourcecode.swift; path = NumericExtensions.swift; sourceTree = "<group>"; };
		2C9DB3951CF9FAB500A98294 /* Carparks.app */ = {isa = PBXFileReference; explicitFileType = wrapper.application; includeInIndex = 0; path = Carparks.app; sourceTree = BUILT_PRODUCTS_DIR; };
		2C9DB3981CF9FAB500A98294 /* AppDelegate.swift */ = {isa = PBXFileReference; lastKnownFileType = sourcecode.swift; path = AppDelegate.swift; sourceTree = "<group>"; };
		2C9DB39D1CF9FAB500A98294 /* Base */ = {isa = PBXFileReference; lastKnownFileType = file.storyboard; name = Base; path = Base.lproj/Main.storyboard; sourceTree = "<group>"; };
		2C9DB39F1CF9FAB500A98294 /* Assets.xcassets */ = {isa = PBXFileReference; lastKnownFileType = folder.assetcatalog; path = Assets.xcassets; sourceTree = "<group>"; };
		2C9DB3A21CF9FAB500A98294 /* Base */ = {isa = PBXFileReference; lastKnownFileType = file.storyboard; name = Base; path = Base.lproj/LaunchScreen.storyboard; sourceTree = "<group>"; };
		2C9DB3A41CF9FAB500A98294 /* Info.plist */ = {isa = PBXFileReference; lastKnownFileType = text.plist.xml; path = Info.plist; sourceTree = "<group>"; };
		2C9DB3AB1CF9FB4B00A98294 /* CarparkTableViewController.swift */ = {isa = PBXFileReference; fileEncoding = 4; lastKnownFileType = sourcecode.swift; path = CarparkTableViewController.swift; sourceTree = "<group>"; };
		2C9DB3AD1CFA035300A98294 /* CarparkTableViewCell.swift */ = {isa = PBXFileReference; fileEncoding = 4; lastKnownFileType = sourcecode.swift; path = CarparkTableViewCell.swift; sourceTree = "<group>"; };
		2C9DB3AF1CFA060E00A98294 /* Carpark.swift */ = {isa = PBXFileReference; fileEncoding = 4; lastKnownFileType = sourcecode.swift; path = Carpark.swift; sourceTree = "<group>"; };
		2C9DB3B31CFA0FA500A98294 /* CarparkViewController.swift */ = {isa = PBXFileReference; fileEncoding = 4; lastKnownFileType = sourcecode.swift; path = CarparkViewController.swift; sourceTree = "<group>"; };
		2C9DB3B51CFA1A7F00A98294 /* MapKit.framework */ = {isa = PBXFileReference; lastKnownFileType = wrapper.framework; name = MapKit.framework; path = System/Library/Frameworks/MapKit.framework; sourceTree = SDKROOT; };
		2CD7FC551CFC55FA00880FD1 /* MapViewController.swift */ = {isa = PBXFileReference; fileEncoding = 4; lastKnownFileType = sourcecode.swift; path = MapViewController.swift; sourceTree = "<group>"; };
		2CE849B21CFC7F5F00114248 /* CarparkTabBarViewController.swift */ = {isa = PBXFileReference; fileEncoding = 4; lastKnownFileType = sourcecode.swift; path = CarparkTabBarViewController.swift; sourceTree = "<group>"; };
/* End PBXFileReference section */

/* Begin PBXFrameworksBuildPhase section */
		2C9DB3921CF9FAB500A98294 /* Frameworks */ = {
			isa = PBXFrameworksBuildPhase;
			buildActionMask = 2147483647;
			files = (
				2C9DB3B61CFA1A7F00A98294 /* MapKit.framework in Frameworks */,
			);
			runOnlyForDeploymentPostprocessing = 0;
		};
/* End PBXFrameworksBuildPhase section */

/* Begin PBXGroup section */
		2C9DB38C1CF9FAB500A98294 = {
			isa = PBXGroup;
			children = (
				2C9DB3B51CFA1A7F00A98294 /* MapKit.framework */,
				2C9DB3971CF9FAB500A98294 /* Carparks */,
				2C9DB3961CF9FAB500A98294 /* Products */,
			);
			sourceTree = "<group>";
		};
		2C9DB3961CF9FAB500A98294 /* Products */ = {
			isa = PBXGroup;
			children = (
				2C9DB3951CF9FAB500A98294 /* Carparks.app */,
			);
			name = Products;
			sourceTree = "<group>";
		};
		2C9DB3971CF9FAB500A98294 /* Carparks */ = {
			isa = PBXGroup;
			children = (
				2C9DB3AA1CF9FAE400A98294 /* Supporting Files */,
				2C9DB39C1CF9FAB500A98294 /* Main.storyboard */,
				2C9DB3AB1CF9FB4B00A98294 /* CarparkTableViewController.swift */,
				2C9DB3AD1CFA035300A98294 /* CarparkTableViewCell.swift */,
				2C9DB3AF1CFA060E00A98294 /* Carpark.swift */,
				2C9DB3B31CFA0FA500A98294 /* CarparkViewController.swift */,
				2C238EA01CFADE2100D3B6E1 /* NumericExtensions.swift */,
				2CD7FC551CFC55FA00880FD1 /* MapViewController.swift */,
				2CE849B21CFC7F5F00114248 /* CarparkTabBarViewController.swift */,
			);
			path = Carparks;
			sourceTree = "<group>";
		};
		2C9DB3AA1CF9FAE400A98294 /* Supporting Files */ = {
			isa = PBXGroup;
			children = (
				2C9DB3981CF9FAB500A98294 /* AppDelegate.swift */,
				2C9DB39F1CF9FAB500A98294 /* Assets.xcassets */,
				2C9DB3A11CF9FAB500A98294 /* LaunchScreen.storyboard */,
				2C9DB3A41CF9FAB500A98294 /* Info.plist */,
			);
			name = "Supporting Files";
			sourceTree = "<group>";
		};
/* End PBXGroup section */

/* Begin PBXNativeTarget section */
		2C9DB3941CF9FAB500A98294 /* Carparks */ = {
			isa = PBXNativeTarget;
			buildConfigurationList = 2C9DB3A71CF9FAB500A98294 /* Build configuration list for PBXNativeTarget "Carparks" */;
			buildPhases = (
				2C9DB3911CF9FAB500A98294 /* Sources */,
				2C9DB3921CF9FAB500A98294 /* Frameworks */,
				2C9DB3931CF9FAB500A98294 /* Resources */,
			);
			buildRules = (
			);
			dependencies = (
			);
			name = Carparks;
			productName = Carparks;
			productReference = 2C9DB3951CF9FAB500A98294 /* Carparks.app */;
			productType = "com.apple.product-type.application";
		};
/* End PBXNativeTarget section */

/* Begin PBXProject section */
		2C9DB38D1CF9FAB500A98294 /* Project object */ = {
			isa = PBXProject;
			attributes = {
				LastSwiftUpdateCheck = 0730;
				LastUpgradeCheck = 0730;
				ORGANIZATIONNAME = "Eddie Lee";
				TargetAttributes = {
					2C9DB3941CF9FAB500A98294 = {
						CreatedOnToolsVersion = 7.3.1;
						SystemCapabilities = {
							com.apple.Maps.iOS = {
								enabled = 1;
							};
						};
					};
				};
			};
			buildConfigurationList = 2C9DB3901CF9FAB500A98294 /* Build configuration list for PBXProject "Carparks" */;
			compatibilityVersion = "Xcode 3.2";
			developmentRegion = English;
			hasScannedForEncodings = 0;
			knownRegions = (
				en,
				Base,
			);
			mainGroup = 2C9DB38C1CF9FAB500A98294;
			productRefGroup = 2C9DB3961CF9FAB500A98294 /* Products */;
			projectDirPath = "";
			projectRoot = "";
			targets = (
				2C9DB3941CF9FAB500A98294 /* Carparks */,
			);
		};
/* End PBXProject section */

/* Begin PBXResourcesBuildPhase section */
		2C9DB3931CF9FAB500A98294 /* Resources */ = {
			isa = PBXResourcesBuildPhase;
			buildActionMask = 2147483647;
			files = (
				2C9DB3A31CF9FAB500A98294 /* LaunchScreen.storyboard in Resources */,
				2C9DB3A01CF9FAB500A98294 /* Assets.xcassets in Resources */,
				2C9DB39E1CF9FAB500A98294 /* Main.storyboard in Resources */,
			);
			runOnlyForDeploymentPostprocessing = 0;
		};
/* End PBXResourcesBuildPhase section */

/* Begin PBXSourcesBuildPhase section */
		2C9DB3911CF9FAB500A98294 /* Sources */ = {
			isa = PBXSourcesBuildPhase;
			buildActionMask = 2147483647;
			files = (
				2C9DB3B01CFA060E00A98294 /* Carpark.swift in Sources */,
				2CE849B31CFC7F5F00114248 /* CarparkTabBarViewController.swift in Sources */,
				2C9DB3B41CFA0FA500A98294 /* CarparkViewController.swift in Sources */,
				2C9DB3AC1CF9FB4B00A98294 /* CarparkTableViewController.swift in Sources */,
				2C238EA11CFADE2100D3B6E1 /* NumericExtensions.swift in Sources */,
				2C9DB3AE1CFA035300A98294 /* CarparkTableViewCell.swift in Sources */,
				2C9DB3991CF9FAB500A98294 /* AppDelegate.swift in Sources */,
				2CD7FC561CFC55FA00880FD1 /* MapViewController.swift in Sources */,
			);
			runOnlyForDeploymentPostprocessing = 0;
		};
/* End PBXSourcesBuildPhase section */

/* Begin PBXVariantGroup section */
		2C9DB39C1CF9FAB500A98294 /* Main.storyboard */ = {
			isa = PBXVariantGroup;
			children = (
				2C9DB39D1CF9FAB500A98294 /* Base */,
			);
			name = Main.storyboard;
			sourceTree = "<group>";
		};
		2C9DB3A11CF9FAB500A98294 /* LaunchScreen.storyboard */ = {
			isa = PBXVariantGroup;
			children = (
				2C9DB3A21CF9FAB500A98294 /* Base */,
			);
			name = LaunchScreen.storyboard;
			sourceTree = "<group>";
		};
/* End PBXVariantGroup section */

/* Begin XCBuildConfiguration section */
		2C9DB3A51CF9FAB500A98294 /* Debug */ = {
			isa = XCBuildConfiguration;
			buildSettings = {
				ALWAYS_SEARCH_USER_PATHS = NO;
				CLANG_ANALYZER_NONNULL = YES;
				CLANG_CXX_LANGUAGE_STANDARD = "gnu++0x";
				CLANG_CXX_LIBRARY = "libc++";
				CLANG_ENABLE_MODULES = YES;
				CLANG_ENABLE_OBJC_ARC = YES;
				CLANG_WARN_BOOL_CONVERSION = YES;
				CLANG_WARN_CONSTANT_CONVERSION = YES;
				CLANG_WARN_DIRECT_OBJC_ISA_USAGE = YES_ERROR;
				CLANG_WARN_EMPTY_BODY = YES;
				CLANG_WARN_ENUM_CONVERSION = YES;
				CLANG_WARN_INT_CONVERSION = YES;
				CLANG_WARN_OBJC_ROOT_CLASS = YES_ERROR;
				CLANG_WARN_UNREACHABLE_CODE = YES;
				CLANG_WARN__DUPLICATE_METHOD_MATCH = YES;
				"CODE_SIGN_IDENTITY[sdk=iphoneos*]" = "iPhone Developer";
				COPY_PHASE_STRIP = NO;
				DEBUG_INFORMATION_FORMAT = dwarf;
				ENABLE_STRICT_OBJC_MSGSEND = YES;
				ENABLE_TESTABILITY = YES;
				GCC_C_LANGUAGE_STANDARD = gnu99;
				GCC_DYNAMIC_NO_PIC = NO;
				GCC_NO_COMMON_BLOCKS = YES;
				GCC_OPTIMIZATION_LEVEL = 0;
				GCC_PREPROCESSOR_DEFINITIONS = (
					"DEBUG=1",
					"$(inherited)",
				);
				GCC_WARN_64_TO_32_BIT_CONVERSION = YES;
				GCC_WARN_ABOUT_RETURN_TYPE = YES_ERROR;
				GCC_WARN_UNDECLARED_SELECTOR = YES;
				GCC_WARN_UNINITIALIZED_AUTOS = YES_AGGRESSIVE;
				GCC_WARN_UNUSED_FUNCTION = YES;
				GCC_WARN_UNUSED_VARIABLE = YES;
				IPHONEOS_DEPLOYMENT_TARGET = 9.3;
				MTL_ENABLE_DEBUG_INFO = YES;
				ONLY_ACTIVE_ARCH = YES;
				SDKROOT = iphoneos;
				SWIFT_OPTIMIZATION_LEVEL = "-Onone";
				TARGETED_DEVICE_FAMILY = "1,2";
			};
			name = Debug;
		};
		2C9DB3A61CF9FAB500A98294 /* Release */ = {
			isa = XCBuildConfiguration;
			buildSettings = {
				ALWAYS_SEARCH_USER_PATHS = NO;
				CLANG_ANALYZER_NONNULL = YES;
				CLANG_CXX_LANGUAGE_STANDARD = "gnu++0x";
				CLANG_CXX_LIBRARY = "libc++";
				CLANG_ENABLE_MODULES = YES;
				CLANG_ENABLE_OBJC_ARC = YES;
				CLANG_WARN_BOOL_CONVERSION = YES;
				CLANG_WARN_CONSTANT_CONVERSION = YES;
				CLANG_WARN_DIRECT_OBJC_ISA_USAGE = YES_ERROR;
				CLANG_WARN_EMPTY_BODY = YES;
				CLANG_WARN_ENUM_CONVERSION = YES;
				CLANG_WARN_INT_CONVERSION = YES;
				CLANG_WARN_OBJC_ROOT_CLASS = YES_ERROR;
				CLANG_WARN_UNREACHABLE_CODE = YES;
				CLANG_WARN__DUPLICATE_METHOD_MATCH = YES;
				"CODE_SIGN_IDENTITY[sdk=iphoneos*]" = "iPhone Developer";
				COPY_PHASE_STRIP = NO;
				DEBUG_INFORMATION_FORMAT = "dwarf-with-dsym";
				ENABLE_NS_ASSERTIONS = NO;
				ENABLE_STRICT_OBJC_MSGSEND = YES;
				GCC_C_LANGUAGE_STANDARD = gnu99;
				GCC_NO_COMMON_BLOCKS = YES;
				GCC_WARN_64_TO_32_BIT_CONVERSION = YES;
				GCC_WARN_ABOUT_RETURN_TYPE = YES_ERROR;
				GCC_WARN_UNDECLARED_SELECTOR = YES;
				GCC_WARN_UNINITIALIZED_AUTOS = YES_AGGRESSIVE;
				GCC_WARN_UNUSED_FUNCTION = YES;
				GCC_WARN_UNUSED_VARIABLE = YES;
				IPHONEOS_DEPLOYMENT_TARGET = 9.3;
				MTL_ENABLE_DEBUG_INFO = NO;
				SDKROOT = iphoneos;
				TARGETED_DEVICE_FAMILY = "1,2";
				VALIDATE_PRODUCT = YES;
			};
			name = Release;
		};
		2C9DB3A81CF9FAB500A98294 /* Debug */ = {
			isa = XCBuildConfiguration;
			buildSettings = {
				ASSETCATALOG_COMPILER_APPICON_NAME = AppIcon;
				INFOPLIST_FILE = Carparks/Info.plist;
				LD_RUNPATH_SEARCH_PATHS = "$(inherited) @executable_path/Frameworks";
				PRODUCT_BUNDLE_IDENTIFIER = me.eddielee.Carparks;
				PRODUCT_NAME = "$(TARGET_NAME)";
			};
			name = Debug;
		};
		2C9DB3A91CF9FAB500A98294 /* Release */ = {
			isa = XCBuildConfiguration;
			buildSettings = {
				ASSETCATALOG_COMPILER_APPICON_NAME = AppIcon;
				INFOPLIST_FILE = Carparks/Info.plist;
				LD_RUNPATH_SEARCH_PATHS = "$(inherited) @executable_path/Frameworks";
				PRODUCT_BUNDLE_IDENTIFIER = me.eddielee.Carparks;
				PRODUCT_NAME = "$(TARGET_NAME)";
			};
			name = Release;
		};
/* End XCBuildConfiguration section */

/* Begin XCConfigurationList section */
		2C9DB3901CF9FAB500A98294 /* Build configuration list for PBXProject "Carparks" */ = {
			isa = XCConfigurationList;
			buildConfigurations = (
				2C9DB3A51CF9FAB500A98294 /* Debug */,
				2C9DB3A61CF9FAB500A98294 /* Release */,
			);
			defaultConfigurationIsVisible = 0;
			defaultConfigurationName = Release;
		};
		2C9DB3A71CF9FAB500A98294 /* Build configuration list for PBXNativeTarget "Carparks" */ = {
			isa = XCConfigurationList;
			buildConfigurations = (
				2C9DB3A81CF9FAB500A98294 /* Debug */,
				2C9DB3A91CF9FAB500A98294 /* Release */,
			);
			defaultConfigurationIsVisible = 0;
			defaultConfigurationName = Release;
		};
/* End XCConfigurationList section */
	};
	rootObject = 2C9DB38D1CF9FAB500A98294 /* Project object */;
}
